
Microsoft Visual Studio Solution File, Format Version 12.00
# Visual Studio Version 16
VisualStudioVersion = 16.0.29806.167
MinimumVisualStudioVersion = 10.0.40219.1
Project("{8BC9CEB8-8B4A-11D0-8D11-00A0C91BC942}") = "Lab1QuizL1G", "Lab1QuizL1G\Lab1QuizL1G.vcxproj", "{CA873CE7-19C5-4329-BCB7-7CC9BF22A3B1}"
EndProject
Global
	GlobalSection(SolutionConfigurationPlatforms) = preSolution
		Debug|x64 = Debug|x64
		Debug|x86 = Debug|x86
		Release|x64 = Release|x64
		Release|x86 = Release|x86
	EndGlobalSection
	GlobalSection(ProjectConfigurationPlatforms) = postSolution
		{CA873CE7-19C5-4329-BCB7-7CC9BF22A3B1}.Debug|x64.ActiveCfg = Debug|x64
		{CA873CE7-19C5-4329-BCB7-7CC9BF22A3B1}.Debug|x64.Build.0 = Debug|x64
		{CA873CE7-19C5-4329-BCB7-7CC9BF22A3B1}.Debug|x86.ActiveCfg = Debug|Win32
		{CA873CE7-19C5-4329-BCB7-7CC9BF22A3B1}.Debug|x86.Build.0 = Debug|Win32
		{CA873CE7-19C5-4329-BCB7-7CC9BF22A3B1}.Release|x64.ActiveCfg = Release|x64
		{CA873CE7-19C5-4329-BCB7-7CC9BF22A3B1}.Release|x64.Build.0 = Release|x64
		{CA873CE7-19C5-4329-BCB7-7CC9BF22A3B1}.Release|x86.ActiveCfg = Release|Win32
		{CA873CE7-19C5-4329-BCB7-7CC9BF22A3B1}.Release|x86.Build.0 = Release|Win32
	EndGlobalSection
	GlobalSection(SolutionProperties) = preSolution
		HideSolutionNode = FALSE
	EndGlobalSection
	GlobalSection(ExtensibilityGlobals) = postSolution
		SolutionGuid = {2026D18F-F06F-4A6D-A66A-183B0E708C2A}
	EndGlobalSection
EndGlobal
